
Microsoft Visual Studio Solution File, Format Version 12.00
# Visual Studio 15
VisualStudioVersion = 15.0.28010.2016
MinimumVisualStudioVersion = 10.0.40219.1
Project("{F184B08F-C81C-45F6-A57F-5ABD9991F28F}") = "COMDA_COM_Product_QA", "COMDA_COM_Product_QA\COMDA_COM_Product_QA.vbproj", "{F632D1AB-FC8F-463B-98CB-827B1017CAE1}"
EndProject
Project("{F184B08F-C81C-45F6-A57F-5ABD9991F28F}") = "HarnessProduct_QA", "HarnessProduct_QA\HarnessProduct_QA.vbproj", "{E1D79115-E56A-4127-B561-EED3B5784756}"
EndProject
Project("{00D1A9C2-B5F0-4AF3-8072-F6C62B433612}") = "COMDA_COM_Product_QA_CLR", "COMDA_COM_Product_QA_CLR\COMDA_COM_Product_QA_CLR.sqlproj", "{616B4561-1469-4012-A8BC-A8DED33681C9}"
EndProject
Global
	GlobalSection(SolutionConfigurationPlatforms) = preSolution
		Debug|Any CPU = Debug|Any CPU
		Release|Any CPU = Release|Any CPU
	EndGlobalSection
	GlobalSection(ProjectConfigurationPlatforms) = postSolution
		{F632D1AB-FC8F-463B-98CB-827B1017CAE1}.Debug|Any CPU.ActiveCfg = Debug|Any CPU
		{F632D1AB-FC8F-463B-98CB-827B1017CAE1}.Debug|Any CPU.Build.0 = Debug|Any CPU
		{F632D1AB-FC8F-463B-98CB-827B1017CAE1}.Release|Any CPU.ActiveCfg = Release|Any CPU
		{F632D1AB-FC8F-463B-98CB-827B1017CAE1}.Release|Any CPU.Build.0 = Release|Any CPU
		{E1D79115-E56A-4127-B561-EED3B5784756}.Debug|Any CPU.ActiveCfg = Debug|Any CPU
		{E1D79115-E56A-4127-B561-EED3B5784756}.Debug|Any CPU.Build.0 = Debug|Any CPU
		{E1D79115-E56A-4127-B561-EED3B5784756}.Release|Any CPU.ActiveCfg = Release|Any CPU
		{E1D79115-E56A-4127-B561-EED3B5784756}.Release|Any CPU.Build.0 = Release|Any CPU
		{616B4561-1469-4012-A8BC-A8DED33681C9}.Debug|Any CPU.ActiveCfg = Debug|Any CPU
		{616B4561-1469-4012-A8BC-A8DED33681C9}.Debug|Any CPU.Build.0 = Debug|Any CPU
		{616B4561-1469-4012-A8BC-A8DED33681C9}.Debug|Any CPU.Deploy.0 = Debug|Any CPU
		{616B4561-1469-4012-A8BC-A8DED33681C9}.Release|Any CPU.ActiveCfg = Release|Any CPU
		{616B4561-1469-4012-A8BC-A8DED33681C9}.Release|Any CPU.Build.0 = Release|Any CPU
		{616B4561-1469-4012-A8BC-A8DED33681C9}.Release|Any CPU.Deploy.0 = Release|Any CPU
	EndGlobalSection
	GlobalSection(SolutionProperties) = preSolution
		HideSolutionNode = FALSE
	EndGlobalSection
	GlobalSection(ExtensibilityGlobals) = postSolution
		SolutionGuid = {2C74CE3F-5CB8-4112-B170-425C10D33755}
	EndGlobalSection
EndGlobal
